
Microsoft Visual Studio Solution File, Format Version 12.00
# Visual Studio Version 17
VisualStudioVersion = 17.4.33213.308
MinimumVisualStudioVersion = 10.0.40219.1
Project("{888888A0-9F3D-457C-B088-3A5042F75D52}") = "OOCODE", "OOCODE\OOCODE.pyproj", "{88437990-61A9-41A5-BC9F-00A8D1B1BCBB}"
EndProject
Global
	GlobalSection(SolutionConfigurationPlatforms) = preSolution
		Debug|Any CPU = Debug|Any CPU
		Release|Any CPU = Release|Any CPU
	EndGlobalSection
	GlobalSection(ProjectConfigurationPlatforms) = postSolution
		{88437990-61A9-41A5-BC9F-00A8D1B1BCBB}.Debug|Any CPU.ActiveCfg = Debug|Any CPU
		{88437990-61A9-41A5-BC9F-00A8D1B1BCBB}.Release|Any CPU.ActiveCfg = Release|Any CPU
	EndGlobalSection
	GlobalSection(SolutionProperties) = preSolution
		HideSolutionNode = FALSE
	EndGlobalSection
	GlobalSection(ExtensibilityGlobals) = postSolution
		SolutionGuid = {69B02994-3C47-4CEF-A52D-8BF77A1D5A60}
	EndGlobalSection
EndGlobal
